
Microsoft Visual Studio Solution File, Format Version 12.00
# Visual Studio 14
VisualStudioVersion = 14.0.25123.0
MinimumVisualStudioVersion = 10.0.40219.1
Project("{FAE04EC0-301F-11D3-BF4B-00C04F79EFBC}") = "Regression.Presentation", "Regression.Presentation\Regression.Presentation.csproj", "{54CCD94B-BCAA-4B83-A559-27654507BE3D}"
EndProject
Project("{FAE04EC0-301F-11D3-BF4B-00C04F79EFBC}") = "Presentation.Draw", "Presentation.Draw\Presentation.Draw.csproj", "{EBAC0937-A30A-46D2-A218-5807AF306E38}"
EndProject
Project("{FAE04EC0-301F-11D3-BF4B-00C04F79EFBC}") = "Regression.Domain", "Regression.Domain\Regression.Domain.csproj", "{A076CA00-105E-4E58-B68E-63C7E98EC2CA}"
EndProject
Project("{FAE04EC0-301F-11D3-BF4B-00C04F79EFBC}") = "Regression", "Regression\Regression.csproj", "{7A73D2E8-3D8A-4308-B89D-31F2D8A7B7E9}"
EndProject
Project("{FAE04EC0-301F-11D3-BF4B-00C04F79EFBC}") = "Regression.Logistic", "Regression.Logistic\Regression.Logistic.csproj", "{F09D0044-A257-4F43-A4D1-C26105F63FF2}"
EndProject
Project("{FAE04EC0-301F-11D3-BF4B-00C04F79EFBC}") = "Regression.Logistic.Presentation", "Regression.Logistic.Presentation\Regression.Logistic.Presentation.csproj", "{202CC475-25A8-405B-972E-3A7B7AC55D3C}"
EndProject
Global
	GlobalSection(SolutionConfigurationPlatforms) = preSolution
		Debug|Any CPU = Debug|Any CPU
		Release|Any CPU = Release|Any CPU
	EndGlobalSection
	GlobalSection(ProjectConfigurationPlatforms) = postSolution
		{54CCD94B-BCAA-4B83-A559-27654507BE3D}.Debug|Any CPU.ActiveCfg = Debug|Any CPU
		{54CCD94B-BCAA-4B83-A559-27654507BE3D}.Debug|Any CPU.Build.0 = Debug|Any CPU
		{54CCD94B-BCAA-4B83-A559-27654507BE3D}.Release|Any CPU.ActiveCfg = Release|Any CPU
		{54CCD94B-BCAA-4B83-A559-27654507BE3D}.Release|Any CPU.Build.0 = Release|Any CPU
		{EBAC0937-A30A-46D2-A218-5807AF306E38}.Debug|Any CPU.ActiveCfg = Debug|Any CPU
		{EBAC0937-A30A-46D2-A218-5807AF306E38}.Debug|Any CPU.Build.0 = Debug|Any CPU
		{EBAC0937-A30A-46D2-A218-5807AF306E38}.Release|Any CPU.ActiveCfg = Release|Any CPU
		{EBAC0937-A30A-46D2-A218-5807AF306E38}.Release|Any CPU.Build.0 = Release|Any CPU
		{A076CA00-105E-4E58-B68E-63C7E98EC2CA}.Debug|Any CPU.ActiveCfg = Debug|Any CPU
		{A076CA00-105E-4E58-B68E-63C7E98EC2CA}.Debug|Any CPU.Build.0 = Debug|Any CPU
		{A076CA00-105E-4E58-B68E-63C7E98EC2CA}.Release|Any CPU.ActiveCfg = Release|Any CPU
		{A076CA00-105E-4E58-B68E-63C7E98EC2CA}.Release|Any CPU.Build.0 = Release|Any CPU
		{7A73D2E8-3D8A-4308-B89D-31F2D8A7B7E9}.Debug|Any CPU.ActiveCfg = Debug|Any CPU
		{7A73D2E8-3D8A-4308-B89D-31F2D8A7B7E9}.Debug|Any CPU.Build.0 = Debug|Any CPU
		{7A73D2E8-3D8A-4308-B89D-31F2D8A7B7E9}.Release|Any CPU.ActiveCfg = Release|Any CPU
		{7A73D2E8-3D8A-4308-B89D-31F2D8A7B7E9}.Release|Any CPU.Build.0 = Release|Any CPU
		{F09D0044-A257-4F43-A4D1-C26105F63FF2}.Debug|Any CPU.ActiveCfg = Debug|Any CPU
		{F09D0044-A257-4F43-A4D1-C26105F63FF2}.Debug|Any CPU.Build.0 = Debug|Any CPU
		{F09D0044-A257-4F43-A4D1-C26105F63FF2}.Release|Any CPU.ActiveCfg = Release|Any CPU
		{F09D0044-A257-4F43-A4D1-C26105F63FF2}.Release|Any CPU.Build.0 = Release|Any CPU
		{202CC475-25A8-405B-972E-3A7B7AC55D3C}.Debug|Any CPU.ActiveCfg = Debug|Any CPU
		{202CC475-25A8-405B-972E-3A7B7AC55D3C}.Debug|Any CPU.Build.0 = Debug|Any CPU
		{202CC475-25A8-405B-972E-3A7B7AC55D3C}.Release|Any CPU.ActiveCfg = Release|Any CPU
		{202CC475-25A8-405B-972E-3A7B7AC55D3C}.Release|Any CPU.Build.0 = Release|Any CPU
	EndGlobalSection
	GlobalSection(SolutionProperties) = preSolution
		HideSolutionNode = FALSE
	EndGlobalSection
EndGlobal
